
Microsoft Visual Studio Solution File, Format Version 12.00
# Visual Studio Version 17
VisualStudioVersion = 17.9.34728.123
MinimumVisualStudioVersion = 10.0.40219.1
Project("{FAE04EC0-301F-11D3-BF4B-00C04F79EFBC}") = "CalcOS", "CalcOS.csproj", "{947F9CC6-98A1-4216-9BFA-16F3A348CCD9}"
EndProject
Global
	GlobalSection(SolutionConfigurationPlatforms) = preSolution
		Debug|Any CPU = Debug|Any CPU
		Release|Any CPU = Release|Any CPU
	EndGlobalSection
	GlobalSection(ProjectConfigurationPlatforms) = postSolution
		{947F9CC6-98A1-4216-9BFA-16F3A348CCD9}.Debug|Any CPU.ActiveCfg = Debug|Any CPU
		{947F9CC6-98A1-4216-9BFA-16F3A348CCD9}.Debug|Any CPU.Build.0 = Debug|Any CPU
		{947F9CC6-98A1-4216-9BFA-16F3A348CCD9}.Release|Any CPU.ActiveCfg = Release|Any CPU
		{947F9CC6-98A1-4216-9BFA-16F3A348CCD9}.Release|Any CPU.Build.0 = Release|Any CPU
	EndGlobalSection
	GlobalSection(SolutionProperties) = preSolution
		HideSolutionNode = FALSE
	EndGlobalSection
	GlobalSection(ExtensibilityGlobals) = postSolution
		SolutionGuid = {D43C339D-CC80-48CF-B2A7-E1D252FB6D8E}
	EndGlobalSection
EndGlobal
